
Microsoft Visual Studio Solution File, Format Version 12.00
# Visual Studio Version 16
VisualStudioVersion = 16.0.30128.74
MinimumVisualStudioVersion = 10.0.40219.1
Project("{FAE04EC0-301F-11D3-BF4B-00C04F79EFBC}") = "SearchSongLucene", "SearchSongLucene\SearchSongLucene.csproj", "{9A231BCA-1F7D-4F62-8A45-E890B3B7C9D0}"
EndProject
Project("{FAE04EC0-301F-11D3-BF4B-00C04F79EFBC}") = "SongsSearchBL", "SongsSearchBL\SongsSearchBL.csproj", "{5DD53C37-C8A5-4509-BD0B-37B372E302A0}"
EndProject
Global
	GlobalSection(SolutionConfigurationPlatforms) = preSolution
		Debug|Any CPU = Debug|Any CPU
		Release|Any CPU = Release|Any CPU
	EndGlobalSection
	GlobalSection(ProjectConfigurationPlatforms) = postSolution
		{9A231BCA-1F7D-4F62-8A45-E890B3B7C9D0}.Debug|Any CPU.ActiveCfg = Debug|Any CPU
		{9A231BCA-1F7D-4F62-8A45-E890B3B7C9D0}.Debug|Any CPU.Build.0 = Debug|Any CPU
		{9A231BCA-1F7D-4F62-8A45-E890B3B7C9D0}.Release|Any CPU.ActiveCfg = Release|Any CPU
		{9A231BCA-1F7D-4F62-8A45-E890B3B7C9D0}.Release|Any CPU.Build.0 = Release|Any CPU
		{5DD53C37-C8A5-4509-BD0B-37B372E302A0}.Debug|Any CPU.ActiveCfg = Debug|Any CPU
		{5DD53C37-C8A5-4509-BD0B-37B372E302A0}.Debug|Any CPU.Build.0 = Debug|Any CPU
		{5DD53C37-C8A5-4509-BD0B-37B372E302A0}.Release|Any CPU.ActiveCfg = Release|Any CPU
		{5DD53C37-C8A5-4509-BD0B-37B372E302A0}.Release|Any CPU.Build.0 = Release|Any CPU
	EndGlobalSection
	GlobalSection(SolutionProperties) = preSolution
		HideSolutionNode = FALSE
	EndGlobalSection
	GlobalSection(ExtensibilityGlobals) = postSolution
		SolutionGuid = {918EF539-754A-4EEE-806C-B3EBEFE966F2}
	EndGlobalSection
EndGlobal
